{
  "name": "v8-test",
  "version": "1.0.0",
  "lockfileVersion": 1,
  "requires": true,
  "dependencies": {
    "debug": {
      "version": "4.1.1",
      "resolved": "https://registry.npmjs.org/debug/-/debug-4.1.1.tgz",
      "integrity": "sha512-pYAIzeRo8J6KPEaJ0VWOh5Pzkbw/RetuzehGM7QRRX5he4fPHx2rdKMB256ehJCkX+XRQm16eZLqLNS8RSZXZw==",
      "dev": true,
      "requires": {
        "ms": "^2.1.1"
      }
    },
    "esm": {
      "version": "3.2.25",
      "resolved": "https://registry.npmjs.org/esm/-/esm-3.2.25.tgz",
      "integrity": "sha512-U1suiZ2oDVWv4zPO56S0NcR5QriEahGtdN2OR6FiOG4WJvcjBVFB0qI4+eKoWFH483PKGuLuu6V8Z4T5g63UVA==",
      "dev": true
    },
    "ms": {
      "version": "2.1.2",
      "resolved": "https://registry.npmjs.org/ms/-/ms-2.1.2.tgz",
      "integrity": "sha512-sGkPx+VjMtmA6MX27oA4FBFELFCZZ4S4XqeGOXCv68tT+jb3vk/RyaKWP0PTKyWtmLSM0b+adUTEvbs1PEaH2w==",
      "dev": true
    },
    "require-from-string": {
      "version": "2.0.2",
      "resolved": "https://registry.npmjs.org/require-from-string/-/require-from-string-2.0.2.tgz",
      "integrity": "sha512-Xf0nWe6RseziFMu+Ap9biiUbmplq6S9/p+7w7YXP/JBHhrUDDUhwa+vANyubuqfZWTveU//DYVGsDG7RKL/vEw=="
    },
    "svelte": {
      "version": "3.24.1",
      "resolved": "https://registry.npmjs.org/svelte/-/svelte-3.24.1.tgz",
      "integrity": "sha512-OX/IBVUJSFo1rnznXdwf9rv6LReJ3qQ0PwRjj76vfUWyTfbHbR9OXqJBnUrpjyis2dwYcbT2Zm1DFjOOF1ZbbQ==",
      "dev": true
    },
    "v8-compile-cache": {
      "version": "2.1.1",
      "resolved": "https://registry.npmjs.org/v8-compile-cache/-/v8-compile-cache-2.1.1.tgz",
      "integrity": "sha512-8OQ9CL+VWyt3JStj7HX7/ciTL2V3Rl1Wf5OL+SNTm0yK1KvtReVulksyeRnCANHHuUxHlQig+JJDlUhBt1NQDQ=="
    }
  }
}
